// !$*UTF8*$!
{
	archiveVersion = 1;
	classes = {
	};
	objectVersion = 55;
	objects = {

/* Begin PBXBuildFile section */
		7F6979BF27F7456600319DE8 /* AppDelegate.swift in Sources */ = {isa = PBXBuildFile; fileRef = 7F6979BE27F7456600319DE8 /* AppDelegate.swift */; };
		7F6979C127F7456600319DE8 /* SceneDelegate.swift in Sources */ = {isa = PBXBuildFile; fileRef = 7F6979C027F7456600319DE8 /* SceneDelegate.swift */; };
		7F6979C327F7456600319DE8 /* ViewController.swift in Sources */ = {isa = PBXBuildFile; fileRef = 7F6979C227F7456600319DE8 /* ViewController.swift */; };
		7F6979C627F7456600319DE8 /* Main.storyboard in Resources */ = {isa = PBXBuildFile; fileRef = 7F6979C427F7456600319DE8 /* Main.storyboard */; };
		7F6979C927F7456600319DE8 /* WeatherAppDesign.xcdatamodeld in Sources */ = {isa = PBXBuildFile; fileRef = 7F6979C727F7456600319DE8 /* WeatherAppDesign.xcdatamodeld */; };
		7F6979CB27F7456600319DE8 /* Assets.xcassets in Resources */ = {isa = PBXBuildFile; fileRef = 7F6979CA27F7456600319DE8 /* Assets.xcassets */; };
		7F6979CE27F7456600319DE8 /* LaunchScreen.storyboard in Resources */ = {isa = PBXBuildFile; fileRef = 7F6979CC27F7456600319DE8 /* LaunchScreen.storyboard */; };
		7F6979D927F7456600319DE8 /* WeatherAppDesignTests.swift in Sources */ = {isa = PBXBuildFile; fileRef = 7F6979D827F7456600319DE8 /* WeatherAppDesignTests.swift */; };
		7F6979E327F7456600319DE8 /* WeatherAppDesignUITests.swift in Sources */ = {isa = PBXBuildFile; fileRef = 7F6979E227F7456600319DE8 /* WeatherAppDesignUITests.swift */; };
		7F6979E527F7456600319DE8 /* WeatherAppDesignUITestsLaunchTests.swift in Sources */ = {isa = PBXBuildFile; fileRef = 7F6979E427F7456600319DE8 /* WeatherAppDesignUITestsLaunchTests.swift */; };
		7F6979F927F74C9700319DE8 /* CollectionViewCell.swift in Sources */ = {isa = PBXBuildFile; fileRef = 7F6979F727F74C9700319DE8 /* CollectionViewCell.swift */; };
		7F6979FA27F74C9700319DE8 /* CollectionViewCell.xib in Resources */ = {isa = PBXBuildFile; fileRef = 7F6979F827F74C9700319DE8 /* CollectionViewCell.xib */; };
		7F6979FD27F74CA800319DE8 /* TableViewCell.swift in Sources */ = {isa = PBXBuildFile; fileRef = 7F6979FB27F74CA800319DE8 /* TableViewCell.swift */; };
		7F6979FE27F74CA800319DE8 /* TableViewCell.xib in Resources */ = {isa = PBXBuildFile; fileRef = 7F6979FC27F74CA800319DE8 /* TableViewCell.xib */; };
/* End PBXBuildFile section */

/* Begin PBXContainerItemProxy section */
		7F6979D527F7456600319DE8 /* PBXContainerItemProxy */ = {
			isa = PBXContainerItemProxy;
			containerPortal = 7F6979B327F7456500319DE8 /* Project object */;
			proxyType = 1;
			remoteGlobalIDString = 7F6979BA27F7456500319DE8;
			remoteInfo = WeatherAppDesign;
		};
		7F6979DF27F7456600319DE8 /* PBXContainerItemProxy */ = {
			isa = PBXContainerItemProxy;
			containerPortal = 7F6979B327F7456500319DE8 /* Project object */;
			proxyType = 1;
			remoteGlobalIDString = 7F6979BA27F7456500319DE8;
			remoteInfo = WeatherAppDesign;
		};
/* End PBXContainerItemProxy section */

/* Begin PBXFileReference section */
		7F6979BB27F7456600319DE8 /* WeatherAppDesign.app */ = {isa = PBXFileReference; explicitFileType = wrapper.application; includeInIndex = 0; path = WeatherAppDesign.app; sourceTree = BUILT_PRODUCTS_DIR; };
		7F6979BE27F7456600319DE8 /* AppDelegate.swift */ = {isa = PBXFileReference; lastKnownFileType = sourcecode.swift; path = AppDelegate.swift; sourceTree = "<group>"; };
		7F6979C027F7456600319DE8 /* SceneDelegate.swift */ = {isa = PBXFileReference; lastKnownFileType = sourcecode.swift; path = SceneDelegate.swift; sourceTree = "<group>"; };
		7F6979C227F7456600319DE8 /* ViewController.swift */ = {isa = PBXFileReference; lastKnownFileType = sourcecode.swift; path = ViewController.swift; sourceTree = "<group>"; };
		7F6979C527F7456600319DE8 /* Base */ = {isa = PBXFileReference; lastKnownFileType = file.storyboard; name = Base; path = Base.lproj/Main.storyboard; sourceTree = "<group>"; };
		7F6979C827F7456600319DE8 /* WeatherAppDesign.xcdatamodel */ = {isa = PBXFileReference; lastKnownFileType = wrapper.xcdatamodel; path = WeatherAppDesign.xcdatamodel; sourceTree = "<group>"; };
		7F6979CA27F7456600319DE8 /* Assets.xcassets */ = {isa = PBXFileReference; lastKnownFileType = folder.assetcatalog; path = Assets.xcassets; sourceTree = "<group>"; };
		7F6979CD27F7456600319DE8 /* Base */ = {isa = PBXFileReference; lastKnownFileType = file.storyboard; name = Base; path = Base.lproj/LaunchScreen.storyboard; sourceTree = "<group>"; };
		7F6979CF27F7456600319DE8 /* Info.plist */ = {isa = PBXFileReference; lastKnownFileType = text.plist.xml; path = Info.plist; sourceTree = "<group>"; };
		7F6979D427F7456600319DE8 /* WeatherAppDesignTests.xctest */ = {isa = PBXFileReference; explicitFileType = wrapper.cfbundle; includeInIndex = 0; path = WeatherAppDesignTests.xctest; sourceTree = BUILT_PRODUCTS_DIR; };
		7F6979D827F7456600319DE8 /* WeatherAppDesignTests.swift */ = {isa = PBXFileReference; lastKnownFileType = sourcecode.swift; path = WeatherAppDesignTests.swift; sourceTree = "<group>"; };
		7F6979DE27F7456600319DE8 /* WeatherAppDesignUITests.xctest */ = {isa = PBXFileReference; explicitFileType = wrapper.cfbundle; includeInIndex = 0; path = WeatherAppDesignUITests.xctest; sourceTree = BUILT_PRODUCTS_DIR; };
		7F6979E227F7456600319DE8 /* WeatherAppDesignUITests.swift */ = {isa = PBXFileReference; lastKnownFileType = sourcecode.swift; path = WeatherAppDesignUITests.swift; sourceTree = "<group>"; };
		7F6979E427F7456600319DE8 /* WeatherAppDesignUITestsLaunchTests.swift */ = {isa = PBXFileReference; lastKnownFileType = sourcecode.swift; path = WeatherAppDesignUITestsLaunchTests.swift; sourceTree = "<group>"; };
		7F6979F727F74C9700319DE8 /* CollectionViewCell.swift */ = {isa = PBXFileReference; lastKnownFileType = sourcecode.swift; path = CollectionViewCell.swift; sourceTree = "<group>"; };
		7F6979F827F74C9700319DE8 /* CollectionViewCell.xib */ = {isa = PBXFileReference; lastKnownFileType = file.xib; path = CollectionViewCell.xib; sourceTree = "<group>"; };
		7F6979FB27F74CA800319DE8 /* TableViewCell.swift */ = {isa = PBXFileReference; lastKnownFileType = sourcecode.swift; path = TableViewCell.swift; sourceTree = "<group>"; };
		7F6979FC27F74CA800319DE8 /* TableViewCell.xib */ = {isa = PBXFileReference; lastKnownFileType = file.xib; path = TableViewCell.xib; sourceTree = "<group>"; };
/* End PBXFileReference section */

/* Begin PBXFrameworksBuildPhase section */
		7F6979B827F7456500319DE8 /* Frameworks */ = {
			isa = PBXFrameworksBuildPhase;
			buildActionMask = 2147483647;
			files = (
			);
			runOnlyForDeploymentPostprocessing = 0;
		};
		7F6979D127F7456600319DE8 /* Frameworks */ = {
			isa = PBXFrameworksBuildPhase;
			buildActionMask = 2147483647;
			files = (
			);
			runOnlyForDeploymentPostprocessing = 0;
		};
		7F6979DB27F7456600319DE8 /* Frameworks */ = {
			isa = PBXFrameworksBuildPhase;
			buildActionMask = 2147483647;
			files = (
			);
			runOnlyForDeploymentPostprocessing = 0;
		};
/* End PBXFrameworksBuildPhase section */

/* Begin PBXGroup section */
		7F6979B227F7456500319DE8 = {
			isa = PBXGroup;
			children = (
				7F6979BD27F7456600319DE8 /* WeatherAppDesign */,
				7F6979D727F7456600319DE8 /* WeatherAppDesignTests */,
				7F6979E127F7456600319DE8 /* WeatherAppDesignUITests */,
				7F6979BC27F7456600319DE8 /* Products */,
			);
			sourceTree = "<group>";
		};
		7F6979BC27F7456600319DE8 /* Products */ = {
			isa = PBXGroup;
			children = (
				7F6979BB27F7456600319DE8 /* WeatherAppDesign.app */,
				7F6979D427F7456600319DE8 /* WeatherAppDesignTests.xctest */,
				7F6979DE27F7456600319DE8 /* WeatherAppDesignUITests.xctest */,
			);
			name = Products;
			sourceTree = "<group>";
		};
		7F6979BD27F7456600319DE8 /* WeatherAppDesign */ = {
			isa = PBXGroup;
			children = (
				7F6979F427F74C6000319DE8 /* System */,
				7F6979F327F74C5A00319DE8 /* Model */,
				7F6979F227F74C5600319DE8 /* View */,
				7F6979F127F74C4A00319DE8 /* Controller */,
				7F6979CA27F7456600319DE8 /* Assets.xcassets */,
				7F6979CC27F7456600319DE8 /* LaunchScreen.storyboard */,
				7F6979CF27F7456600319DE8 /* Info.plist */,
				7F6979C727F7456600319DE8 /* WeatherAppDesign.xcdatamodeld */,
			);
			path = WeatherAppDesign;
			sourceTree = "<group>";
		};
		7F6979D727F7456600319DE8 /* WeatherAppDesignTests */ = {
			isa = PBXGroup;
			children = (
				7F6979D827F7456600319DE8 /* WeatherAppDesignTests.swift */,
			);
			path = WeatherAppDesignTests;
			sourceTree = "<group>";
		};
		7F6979E127F7456600319DE8 /* WeatherAppDesignUITests */ = {
			isa = PBXGroup;
			children = (
				7F6979E227F7456600319DE8 /* WeatherAppDesignUITests.swift */,
				7F6979E427F7456600319DE8 /* WeatherAppDesignUITestsLaunchTests.swift */,
			);
			path = WeatherAppDesignUITests;
			sourceTree = "<group>";
		};
		7F6979F127F74C4A00319DE8 /* Controller */ = {
			isa = PBXGroup;
			children = (
				7F6979C227F7456600319DE8 /* ViewController.swift */,
				7F6979C427F7456600319DE8 /* Main.storyboard */,
			);
			path = Controller;
			sourceTree = "<group>";
		};
		7F6979F227F74C5600319DE8 /* View */ = {
			isa = PBXGroup;
			children = (
				7F6979F527F74C7400319DE8 /* CollectionViewCell */,
				7F6979F627F74C7E00319DE8 /* TableViewCell */,
			);
			path = View;
			sourceTree = "<group>";
		};
		7F6979F327F74C5A00319DE8 /* Model */ = {
			isa = PBXGroup;
			children = (
			);
			path = Model;
			sourceTree = "<group>";
		};
		7F6979F427F74C6000319DE8 /* System */ = {
			isa = PBXGroup;
			children = (
				7F6979BE27F7456600319DE8 /* AppDelegate.swift */,
				7F6979C027F7456600319DE8 /* SceneDelegate.swift */,
			);
			path = System;
			sourceTree = "<group>";
		};
		7F6979F527F74C7400319DE8 /* CollectionViewCell */ = {
			isa = PBXGroup;
			children = (
				7F6979F727F74C9700319DE8 /* CollectionViewCell.swift */,
				7F6979F827F74C9700319DE8 /* CollectionViewCell.xib */,
			);
			path = CollectionViewCell;
			sourceTree = "<group>";
		};
		7F6979F627F74C7E00319DE8 /* TableViewCell */ = {
			isa = PBXGroup;
			children = (
				7F6979FB27F74CA800319DE8 /* TableViewCell.swift */,
				7F6979FC27F74CA800319DE8 /* TableViewCell.xib */,
			);
			path = TableViewCell;
			sourceTree = "<group>";
		};
/* End PBXGroup section */

/* Begin PBXNativeTarget section */
		7F6979BA27F7456500319DE8 /* WeatherAppDesign */ = {
			isa = PBXNativeTarget;
			buildConfigurationList = 7F6979E827F7456600319DE8 /* Build configuration list for PBXNativeTarget "WeatherAppDesign" */;
			buildPhases = (
				7F6979B727F7456500319DE8 /* Sources */,
				7F6979B827F7456500319DE8 /* Frameworks */,
				7F6979B927F7456500319DE8 /* Resources */,
			);
			buildRules = (
			);
			dependencies = (
			);
			name = WeatherAppDesign;
			productName = WeatherAppDesign;
			productReference = 7F6979BB27F7456600319DE8 /* WeatherAppDesign.app */;
			productType = "com.apple.product-type.application";
		};
		7F6979D327F7456600319DE8 /* WeatherAppDesignTests */ = {
			isa = PBXNativeTarget;
			buildConfigurationList = 7F6979EB27F7456600319DE8 /* Build configuration list for PBXNativeTarget "WeatherAppDesignTests" */;
			buildPhases = (
				7F6979D027F7456600319DE8 /* Sources */,
				7F6979D127F7456600319DE8 /* Frameworks */,
				7F6979D227F7456600319DE8 /* Resources */,
			);
			buildRules = (
			);
			dependencies = (
				7F6979D627F7456600319DE8 /* PBXTargetDependency */,
			);
			name = WeatherAppDesignTests;
			productName = WeatherAppDesignTests;
			productReference = 7F6979D427F7456600319DE8 /* WeatherAppDesignTests.xctest */;
			productType = "com.apple.product-type.bundle.unit-test";
		};
		7F6979DD27F7456600319DE8 /* WeatherAppDesignUITests */ = {
			isa = PBXNativeTarget;
			buildConfigurationList = 7F6979EE27F7456600319DE8 /* Build configuration list for PBXNativeTarget "WeatherAppDesignUITests" */;
			buildPhases = (
				7F6979DA27F7456600319DE8 /* Sources */,
				7F6979DB27F7456600319DE8 /* Frameworks */,
				7F6979DC27F7456600319DE8 /* Resources */,
			);
			buildRules = (
			);
			dependencies = (
				7F6979E027F7456600319DE8 /* PBXTargetDependency */,
			);
			name = WeatherAppDesignUITests;
			productName = WeatherAppDesignUITests;
			productReference = 7F6979DE27F7456600319DE8 /* WeatherAppDesignUITests.xctest */;
			productType = "com.apple.product-type.bundle.ui-testing";
		};
/* End PBXNativeTarget section */

/* Begin PBXProject section */
		7F6979B327F7456500319DE8 /* Project object */ = {
			isa = PBXProject;
			attributes = {
				BuildIndependentTargetsInParallel = 1;
				LastSwiftUpdateCheck = 1320;
				LastUpgradeCheck = 1320;
				TargetAttributes = {
					7F6979BA27F7456500319DE8 = {
						CreatedOnToolsVersion = 13.2.1;
					};
					7F6979D327F7456600319DE8 = {
						CreatedOnToolsVersion = 13.2.1;
						TestTargetID = 7F6979BA27F7456500319DE8;
					};
					7F6979DD27F7456600319DE8 = {
						CreatedOnToolsVersion = 13.2.1;
						TestTargetID = 7F6979BA27F7456500319DE8;
					};
				};
			};
			buildConfigurationList = 7F6979B627F7456500319DE8 /* Build configuration list for PBXProject "WeatherAppDesign" */;
			compatibilityVersion = "Xcode 13.0";
			developmentRegion = en;
			hasScannedForEncodings = 0;
			knownRegions = (
				en,
				Base,
			);
			mainGroup = 7F6979B227F7456500319DE8;
			productRefGroup = 7F6979BC27F7456600319DE8 /* Products */;
			projectDirPath = "";
			projectRoot = "";
			targets = (
				7F6979BA27F7456500319DE8 /* WeatherAppDesign */,
				7F6979D327F7456600319DE8 /* WeatherAppDesignTests */,
				7F6979DD27F7456600319DE8 /* WeatherAppDesignUITests */,
			);
		};
/* End PBXProject section */

/* Begin PBXResourcesBuildPhase section */
		7F6979B927F7456500319DE8 /* Resources */ = {
			isa = PBXResourcesBuildPhase;
			buildActionMask = 2147483647;
			files = (
				7F6979CE27F7456600319DE8 /* LaunchScreen.storyboard in Resources */,
				7F6979FE27F74CA800319DE8 /* TableViewCell.xib in Resources */,
				7F6979CB27F7456600319DE8 /* Assets.xcassets in Resources */,
				7F6979FA27F74C9700319DE8 /* CollectionViewCell.xib in Resources */,
				7F6979C627F7456600319DE8 /* Main.storyboard in Resources */,
			);
			runOnlyForDeploymentPostprocessing = 0;
		};
		7F6979D227F7456600319DE8 /* Resources */ = {
			isa = PBXResourcesBuildPhase;
			buildActionMask = 2147483647;
			files = (
			);
			runOnlyForDeploymentPostprocessing = 0;
		};
		7F6979DC27F7456600319DE8 /* Resources */ = {
			isa = PBXResourcesBuildPhase;
			buildActionMask = 2147483647;
			files = (
			);
			runOnlyForDeploymentPostprocessing = 0;
		};
/* End PBXResourcesBuildPhase section */

/* Begin PBXSourcesBuildPhase section */
		7F6979B727F7456500319DE8 /* Sources */ = {
			isa = PBXSourcesBuildPhase;
			buildActionMask = 2147483647;
			files = (
				7F6979F927F74C9700319DE8 /* CollectionViewCell.swift in Sources */,
				7F6979C927F7456600319DE8 /* WeatherAppDesign.xcdatamodeld in Sources */,
				7F6979C327F7456600319DE8 /* ViewController.swift in Sources */,
				7F6979FD27F74CA800319DE8 /* TableViewCell.swift in Sources */,
				7F6979BF27F7456600319DE8 /* AppDelegate.swift in Sources */,
				7F6979C127F7456600319DE8 /* SceneDelegate.swift in Sources */,
			);
			runOnlyForDeploymentPostprocessing = 0;
		};
		7F6979D027F7456600319DE8 /* Sources */ = {
			isa = PBXSourcesBuildPhase;
			buildActionMask = 2147483647;
			files = (
				7F6979D927F7456600319DE8 /* WeatherAppDesignTests.swift in Sources */,
			);
			runOnlyForDeploymentPostprocessing = 0;
		};
		7F6979DA27F7456600319DE8 /* Sources */ = {
			isa = PBXSourcesBuildPhase;
			buildActionMask = 2147483647;
			files = (
				7F6979E327F7456600319DE8 /* WeatherAppDesignUITests.swift in Sources */,
				7F6979E527F7456600319DE8 /* WeatherAppDesignUITestsLaunchTests.swift in Sources */,
			);
			runOnlyForDeploymentPostprocessing = 0;
		};
/* End PBXSourcesBuildPhase section */

/* Begin PBXTargetDependency section */
		7F6979D627F7456600319DE8 /* PBXTargetDependency */ = {
			isa = PBXTargetDependency;
			target = 7F6979BA27F7456500319DE8 /* WeatherAppDesign */;
			targetProxy = 7F6979D527F7456600319DE8 /* PBXContainerItemProxy */;
		};
		7F6979E027F7456600319DE8 /* PBXTargetDependency */ = {
			isa = PBXTargetDependency;
			target = 7F6979BA27F7456500319DE8 /* WeatherAppDesign */;
			targetProxy = 7F6979DF27F7456600319DE8 /* PBXContainerItemProxy */;
		};
/* End PBXTargetDependency section */

/* Begin PBXVariantGroup section */
		7F6979C427F7456600319DE8 /* Main.storyboard */ = {
			isa = PBXVariantGroup;
			children = (
				7F6979C527F7456600319DE8 /* Base */,
			);
			name = Main.storyboard;
			sourceTree = "<group>";
		};
		7F6979CC27F7456600319DE8 /* LaunchScreen.storyboard */ = {
			isa = PBXVariantGroup;
			children = (
				7F6979CD27F7456600319DE8 /* Base */,
			);
			name = LaunchScreen.storyboard;
			sourceTree = "<group>";
		};
/* End PBXVariantGroup section */

/* Begin XCBuildConfiguration section */
		7F6979E627F7456600319DE8 /* Debug */ = {
			isa = XCBuildConfiguration;
			buildSettings = {
				ALWAYS_SEARCH_USER_PATHS = NO;
				CLANG_ANALYZER_NONNULL = YES;
				CLANG_ANALYZER_NUMBER_OBJECT_CONVERSION = YES_AGGRESSIVE;
				CLANG_CXX_LANGUAGE_STANDARD = "gnu++17";
				CLANG_CXX_LIBRARY = "libc++";
				CLANG_ENABLE_MODULES = YES;
				CLANG_ENABLE_OBJC_ARC = YES;
				CLANG_ENABLE_OBJC_WEAK = YES;
				CLANG_WARN_BLOCK_CAPTURE_AUTORELEASING = YES;
				CLANG_WARN_BOOL_CONVERSION = YES;
				CLANG_WARN_COMMA = YES;
				CLANG_WARN_CONSTANT_CONVERSION = YES;
				CLANG_WARN_DEPRECATED_OBJC_IMPLEMENTATIONS = YES;
				CLANG_WARN_DIRECT_OBJC_ISA_USAGE = YES_ERROR;
				CLANG_WARN_DOCUMENTATION_COMMENTS = YES;
				CLANG_WARN_EMPTY_BODY = YES;
				CLANG_WARN_ENUM_CONVERSION = YES;
				CLANG_WARN_INFINITE_RECURSION = YES;
				CLANG_WARN_INT_CONVERSION = YES;
				CLANG_WARN_NON_LITERAL_NULL_CONVERSION = YES;
				CLANG_WARN_OBJC_IMPLICIT_RETAIN_SELF = YES;
				CLANG_WARN_OBJC_LITERAL_CONVERSION = YES;
				CLANG_WARN_OBJC_ROOT_CLASS = YES_ERROR;
				CLANG_WARN_QUOTED_INCLUDE_IN_FRAMEWORK_HEADER = YES;
				CLANG_WARN_RANGE_LOOP_ANALYSIS = YES;
				CLANG_WARN_STRICT_PROTOTYPES = YES;
				CLANG_WARN_SUSPICIOUS_MOVE = YES;
				CLANG_WARN_UNGUARDED_AVAILABILITY = YES_AGGRESSIVE;
				CLANG_WARN_UNREACHABLE_CODE = YES;
				CLANG_WARN__DUPLICATE_METHOD_MATCH = YES;
				COPY_PHASE_STRIP = NO;
				DEBUG_INFORMATION_FORMAT = dwarf;
				ENABLE_STRICT_OBJC_MSGSEND = YES;
				ENABLE_TESTABILITY = YES;
				GCC_C_LANGUAGE_STANDARD = gnu11;
				GCC_DYNAMIC_NO_PIC = NO;
				GCC_NO_COMMON_BLOCKS = YES;
				GCC_OPTIMIZATION_LEVEL = 0;
				GCC_PREPROCESSOR_DEFINITIONS = (
					"DEBUG=1",
					"$(inherited)",
				);
				GCC_WARN_64_TO_32_BIT_CONVERSION = YES;
				GCC_WARN_ABOUT_RETURN_TYPE = YES_ERROR;
				GCC_WARN_UNDECLARED_SELECTOR = YES;
				GCC_WARN_UNINITIALIZED_AUTOS = YES_AGGRESSIVE;
				GCC_WARN_UNUSED_FUNCTION = YES;
				GCC_WARN_UNUSED_VARIABLE = YES;
				IPHONEOS_DEPLOYMENT_TARGET = 15.2;
				MTL_ENABLE_DEBUG_INFO = INCLUDE_SOURCE;
				MTL_FAST_MATH = YES;
				ONLY_ACTIVE_ARCH = YES;
				SDKROOT = iphoneos;
				SWIFT_ACTIVE_COMPILATION_CONDITIONS = DEBUG;
				SWIFT_OPTIMIZATION_LEVEL = "-Onone";
			};
			name = Debug;
		};
		7F6979E727F7456600319DE8 /* Release */ = {
			isa = XCBuildConfiguration;
			buildSettings = {
				ALWAYS_SEARCH_USER_PATHS = NO;
				CLANG_ANALYZER_NONNULL = YES;
				CLANG_ANALYZER_NUMBER_OBJECT_CONVERSION = YES_AGGRESSIVE;
				CLANG_CXX_LANGUAGE_STANDARD = "gnu++17";
				CLANG_CXX_LIBRARY = "libc++";
				CLANG_ENABLE_MODULES = YES;
				CLANG_ENABLE_OBJC_ARC = YES;
				CLANG_ENABLE_OBJC_WEAK = YES;
				CLANG_WARN_BLOCK_CAPTURE_AUTORELEASING = YES;
				CLANG_WARN_BOOL_CONVERSION = YES;
				CLANG_WARN_COMMA = YES;
				CLANG_WARN_CONSTANT_CONVERSION = YES;
				CLANG_WARN_DEPRECATED_OBJC_IMPLEMENTATIONS = YES;
				CLANG_WARN_DIRECT_OBJC_ISA_USAGE = YES_ERROR;
				CLANG_WARN_DOCUMENTATION_COMMENTS = YES;
				CLANG_WARN_EMPTY_BODY = YES;
				CLANG_WARN_ENUM_CONVERSION = YES;
				CLANG_WARN_INFINITE_RECURSION = YES;
				CLANG_WARN_INT_CONVERSION = YES;
				CLANG_WARN_NON_LITERAL_NULL_CONVERSION = YES;
				CLANG_WARN_OBJC_IMPLICIT_RETAIN_SELF = YES;
				CLANG_WARN_OBJC_LITERAL_CONVERSION = YES;
				CLANG_WARN_OBJC_ROOT_CLASS = YES_ERROR;
				CLANG_WARN_QUOTED_INCLUDE_IN_FRAMEWORK_HEADER = YES;
				CLANG_WARN_RANGE_LOOP_ANALYSIS = YES;
				CLANG_WARN_STRICT_PROTOTYPES = YES;
				CLANG_WARN_SUSPICIOUS_MOVE = YES;
				CLANG_WARN_UNGUARDED_AVAILABILITY = YES_AGGRESSIVE;
				CLANG_WARN_UNREACHABLE_CODE = YES;
				CLANG_WARN__DUPLICATE_METHOD_MATCH = YES;
				COPY_PHASE_STRIP = NO;
				DEBUG_INFORMATION_FORMAT = "dwarf-with-dsym";
				ENABLE_NS_ASSERTIONS = NO;
				ENABLE_STRICT_OBJC_MSGSEND = YES;
				GCC_C_LANGUAGE_STANDARD = gnu11;
				GCC_NO_COMMON_BLOCKS = YES;
				GCC_WARN_64_TO_32_BIT_CONVERSION = YES;
				GCC_WARN_ABOUT_RETURN_TYPE = YES_ERROR;
				GCC_WARN_UNDECLARED_SELECTOR = YES;
				GCC_WARN_UNINITIALIZED_AUTOS = YES_AGGRESSIVE;
				GCC_WARN_UNUSED_FUNCTION = YES;
				GCC_WARN_UNUSED_VARIABLE = YES;
				IPHONEOS_DEPLOYMENT_TARGET = 15.2;
				MTL_ENABLE_DEBUG_INFO = NO;
				MTL_FAST_MATH = YES;
				SDKROOT = iphoneos;
				SWIFT_COMPILATION_MODE = wholemodule;
				SWIFT_OPTIMIZATION_LEVEL = "-O";
				VALIDATE_PRODUCT = YES;
			};
			name = Release;
		};
		7F6979E927F7456600319DE8 /* Debug */ = {
			isa = XCBuildConfiguration;
			buildSettings = {
				ASSETCATALOG_COMPILER_APPICON_NAME = AppIcon;
				ASSETCATALOG_COMPILER_GLOBAL_ACCENT_COLOR_NAME = AccentColor;
				CODE_SIGN_STYLE = Automatic;
				CURRENT_PROJECT_VERSION = 1;
				DEVELOPMENT_TEAM = J4QLZ8C3F3;
				GENERATE_INFOPLIST_FILE = YES;
				INFOPLIST_FILE = WeatherAppDesign/Info.plist;
				INFOPLIST_KEY_UIApplicationSupportsIndirectInputEvents = YES;
				INFOPLIST_KEY_UILaunchStoryboardName = LaunchScreen;
				INFOPLIST_KEY_UIMainStoryboardFile = Main;
				INFOPLIST_KEY_UISupportedInterfaceOrientations_iPad = "UIInterfaceOrientationPortrait UIInterfaceOrientationPortraitUpsideDown UIInterfaceOrientationLandscapeLeft UIInterfaceOrientationLandscapeRight";
				INFOPLIST_KEY_UISupportedInterfaceOrientations_iPhone = "UIInterfaceOrientationPortrait UIInterfaceOrientationLandscapeLeft UIInterfaceOrientationLandscapeRight";
				LD_RUNPATH_SEARCH_PATHS = (
					"$(inherited)",
					"@executable_path/Frameworks",
				);
				MARKETING_VERSION = 1.0;
				PRODUCT_BUNDLE_IDENTIFIER = com.mobarok.WeatherAppDesign;
				PRODUCT_NAME = "$(TARGET_NAME)";
				SWIFT_EMIT_LOC_STRINGS = YES;
				SWIFT_VERSION = 5.0;
				TARGETED_DEVICE_FAMILY = "1,2";
			};
			name = Debug;
		};
		7F6979EA27F7456600319DE8 /* Release */ = {
			isa = XCBuildConfiguration;
			buildSettings = {
				ASSETCATALOG_COMPILER_APPICON_NAME = AppIcon;
				ASSETCATALOG_COMPILER_GLOBAL_ACCENT_COLOR_NAME = AccentColor;
				CODE_SIGN_STYLE = Automatic;
				CURRENT_PROJECT_VERSION = 1;
				DEVELOPMENT_TEAM = J4QLZ8C3F3;
				GENERATE_INFOPLIST_FILE = YES;
				INFOPLIST_FILE = WeatherAppDesign/Info.plist;
				INFOPLIST_KEY_UIApplicationSupportsIndirectInputEvents = YES;
				INFOPLIST_KEY_UILaunchStoryboardName = LaunchScreen;
				INFOPLIST_KEY_UIMainStoryboardFile = Main;
				INFOPLIST_KEY_UISupportedInterfaceOrientations_iPad = "UIInterfaceOrientationPortrait UIInterfaceOrientationPortraitUpsideDown UIInterfaceOrientationLandscapeLeft UIInterfaceOrientationLandscapeRight";
				INFOPLIST_KEY_UISupportedInterfaceOrientations_iPhone = "UIInterfaceOrientationPortrait UIInterfaceOrientationLandscapeLeft UIInterfaceOrientationLandscapeRight";
				LD_RUNPATH_SEARCH_PATHS = (
					"$(inherited)",
					"@executable_path/Frameworks",
				);
				MARKETING_VERSION = 1.0;
				PRODUCT_BUNDLE_IDENTIFIER = com.mobarok.WeatherAppDesign;
				PRODUCT_NAME = "$(TARGET_NAME)";
				SWIFT_EMIT_LOC_STRINGS = YES;
				SWIFT_VERSION = 5.0;
				TARGETED_DEVICE_FAMILY = "1,2";
			};
			name = Release;
		};
		7F6979EC27F7456600319DE8 /* Debug */ = {
			isa = XCBuildConfiguration;
			buildSettings = {
				ALWAYS_EMBED_SWIFT_STANDARD_LIBRARIES = YES;
				BUNDLE_LOADER = "$(TEST_HOST)";
				CODE_SIGN_STYLE = Automatic;
				CURRENT_PROJECT_VERSION = 1;
				DEVELOPMENT_TEAM = J4QLZ8C3F3;
				GENERATE_INFOPLIST_FILE = YES;
				IPHONEOS_DEPLOYMENT_TARGET = 15.2;
				MARKETING_VERSION = 1.0;
				PRODUCT_BUNDLE_IDENTIFIER = com.mobarok.WeatherAppDesignTests;
				PRODUCT_NAME = "$(TARGET_NAME)";
				SWIFT_EMIT_LOC_STRINGS = NO;
				SWIFT_VERSION = 5.0;
				TARGETED_DEVICE_FAMILY = "1,2";
				TEST_HOST = "$(BUILT_PRODUCTS_DIR)/WeatherAppDesign.app/WeatherAppDesign";
			};
			name = Debug;
		};
		7F6979ED27F7456600319DE8 /* Release */ = {
			isa = XCBuildConfiguration;
			buildSettings = {
				ALWAYS_EMBED_SWIFT_STANDARD_LIBRARIES = YES;
				BUNDLE_LOADER = "$(TEST_HOST)";
				CODE_SIGN_STYLE = Automatic;
				CURRENT_PROJECT_VERSION = 1;
				DEVELOPMENT_TEAM = J4QLZ8C3F3;
				GENERATE_INFOPLIST_FILE = YES;
				IPHONEOS_DEPLOYMENT_TARGET = 15.2;
				MARKETING_VERSION = 1.0;
				PRODUCT_BUNDLE_IDENTIFIER = com.mobarok.WeatherAppDesignTests;
				PRODUCT_NAME = "$(TARGET_NAME)";
				SWIFT_EMIT_LOC_STRINGS = NO;
				SWIFT_VERSION = 5.0;
				TARGETED_DEVICE_FAMILY = "1,2";
				TEST_HOST = "$(BUILT_PRODUCTS_DIR)/WeatherAppDesign.app/WeatherAppDesign";
			};
			name = Release;
		};
		7F6979EF27F7456600319DE8 /* Debug */ = {
			isa = XCBuildConfiguration;
			buildSettings = {
				ALWAYS_EMBED_SWIFT_STANDARD_LIBRARIES = YES;
				CODE_SIGN_STYLE = Automatic;
				CURRENT_PROJECT_VERSION = 1;
				DEVELOPMENT_TEAM = J4QLZ8C3F3;
				GENERATE_INFOPLIST_FILE = YES;
				MARKETING_VERSION = 1.0;
				PRODUCT_BUNDLE_IDENTIFIER = com.mobarok.WeatherAppDesignUITests;
				PRODUCT_NAME = "$(TARGET_NAME)";
				SWIFT_EMIT_LOC_STRINGS = NO;
				SWIFT_VERSION = 5.0;
				TARGETED_DEVICE_FAMILY = "1,2";
				TEST_TARGET_NAME = WeatherAppDesign;
			};
			name = Debug;
		};
		7F6979F027F7456600319DE8 /* Release */ = {
			isa = XCBuildConfiguration;
			buildSettings = {
				ALWAYS_EMBED_SWIFT_STANDARD_LIBRARIES = YES;
				CODE_SIGN_STYLE = Automatic;
				CURRENT_PROJECT_VERSION = 1;
				DEVELOPMENT_TEAM = J4QLZ8C3F3;
				GENERATE_INFOPLIST_FILE = YES;
				MARKETING_VERSION = 1.0;
				PRODUCT_BUNDLE_IDENTIFIER = com.mobarok.WeatherAppDesignUITests;
				PRODUCT_NAME = "$(TARGET_NAME)";
				SWIFT_EMIT_LOC_STRINGS = NO;
				SWIFT_VERSION = 5.0;
				TARGETED_DEVICE_FAMILY = "1,2";
				TEST_TARGET_NAME = WeatherAppDesign;
			};
			name = Release;
		};
/* End XCBuildConfiguration section */

/* Begin XCConfigurationList section */
		7F6979B627F7456500319DE8 /* Build configuration list for PBXProject "WeatherAppDesign" */ = {
			isa = XCConfigurationList;
			buildConfigurations = (
				7F6979E627F7456600319DE8 /* Debug */,
				7F6979E727F7456600319DE8 /* Release */,
			);
			defaultConfigurationIsVisible = 0;
			defaultConfigurationName = Release;
		};
		7F6979E827F7456600319DE8 /* Build configuration list for PBXNativeTarget "WeatherAppDesign" */ = {
			isa = XCConfigurationList;
			buildConfigurations = (
				7F6979E927F7456600319DE8 /* Debug */,
				7F6979EA27F7456600319DE8 /* Release */,
			);
			defaultConfigurationIsVisible = 0;
			defaultConfigurationName = Release;
		};
		7F6979EB27F7456600319DE8 /* Build configuration list for PBXNativeTarget "WeatherAppDesignTests" */ = {
			isa = XCConfigurationList;
			buildConfigurations = (
				7F6979EC27F7456600319DE8 /* Debug */,
				7F6979ED27F7456600319DE8 /* Release */,
			);
			defaultConfigurationIsVisible = 0;
			defaultConfigurationName = Release;
		};
		7F6979EE27F7456600319DE8 /* Build configuration list for PBXNativeTarget "WeatherAppDesignUITests" */ = {
			isa = XCConfigurationList;
			buildConfigurations = (
				7F6979EF27F7456600319DE8 /* Debug */,
				7F6979F027F7456600319DE8 /* Release */,
			);
			defaultConfigurationIsVisible = 0;
			defaultConfigurationName = Release;
		};
/* End XCConfigurationList section */

/* Begin XCVersionGroup section */
		7F6979C727F7456600319DE8 /* WeatherAppDesign.xcdatamodeld */ = {
			isa = XCVersionGroup;
			children = (
				7F6979C827F7456600319DE8 /* WeatherAppDesign.xcdatamodel */,
			);
			currentVersion = 7F6979C827F7456600319DE8 /* WeatherAppDesign.xcdatamodel */;
			path = WeatherAppDesign.xcdatamodeld;
			sourceTree = "<group>";
			versionGroupType = wrapper.xcdatamodel;
		};
/* End XCVersionGroup section */
	};
	rootObject = 7F6979B327F7456500319DE8 /* Project object */;
}
